
Microsoft Visual Studio Solution File, Format Version 12.00
# Visual Studio Version 17
VisualStudioVersion = 17.14.36414.22 d17.14
MinimumVisualStudioVersion = 10.0.40219.1
Project("{FAE04EC0-301F-11D3-BF4B-00C04F79EFBC}") = "Anspitzer", "Anspitzer.csproj", "{995FD471-5C88-4089-A46E-81364445407D}"
EndProject
Global
	GlobalSection(SolutionConfigurationPlatforms) = preSolution
		Debug|Any CPU = Debug|Any CPU
		Release|Any CPU = Release|Any CPU
	EndGlobalSection
	GlobalSection(ProjectConfigurationPlatforms) = postSolution
		{995FD471-5C88-4089-A46E-81364445407D}.Debug|Any CPU.ActiveCfg = Debug|Any CPU
		{995FD471-5C88-4089-A46E-81364445407D}.Debug|Any CPU.Build.0 = Debug|Any CPU
		{995FD471-5C88-4089-A46E-81364445407D}.Release|Any CPU.ActiveCfg = Release|Any CPU
		{995FD471-5C88-4089-A46E-81364445407D}.Release|Any CPU.Build.0 = Release|Any CPU
	EndGlobalSection
	GlobalSection(SolutionProperties) = preSolution
		HideSolutionNode = FALSE
	EndGlobalSection
	GlobalSection(ExtensibilityGlobals) = postSolution
		SolutionGuid = {2E8D0551-983E-42DD-ABA1-BB9B0BB43465}
	EndGlobalSection
EndGlobal
